<?xml version="1.0" encoding="utf-8"?>
<Project ToolsVersion="4.0" xmlns="http://schemas.microsoft.com/developer/msbuild/2003">
  <ItemGroup>
    <Filter Include="Source Files">
      <UniqueIdentifier>{4FC737F1-C7A5-4376-A066-2A32D752A2FF}</UniqueIdentifier>
      <Extensions>cpp;c;cc;cxx;c++;cppm;ixx;def;odl;idl;hpj;bat;asm;asmx</Extensions>
    </Filter>
    <Filter Include="Header Files">
      <UniqueIdentifier>{93995380-89BD-4b04-88EB-625FBE52EBFB}</UniqueIdentifier>
      <Extensions>h;hh;hpp;hxx;h++;hm;inl;inc;ipp;xsd</Extensions>
    </Filter>
    <Filter Include="Resource Files">
      <UniqueIdentifier>{67DA6AB6-F800-4c08-8B7A-83BB121AAD01}</UniqueIdentifier>
      <Extensions>rc;ico;cur;bmp;dlg;rc2;rct;bin;rgs;gif;jpg;jpeg;jpe;resx;tiff;tif;png;wav;mfcribbon-ms</Extensions>
    </Filter>
    <Filter Include="builder_demo">
      <UniqueIdentifier>{7a040ad3-5af2-4cfe-b434-c78f9f30f187}</UniqueIdentifier>
    </Filter>
    <Filter Include="prototype_demo">
      <UniqueIdentifier>{529b8ba6-3a6f-4e0e-851b-c0e5235d0bb1}</UniqueIdentifier>
    </Filter>
    <Filter Include="builder_demo\director">
      <UniqueIdentifier>{987dd83e-3713-4df4-b79f-34af3d799742}</UniqueIdentifier>
    </Filter>
    <Filter Include="builder_demo\builder">
      <UniqueIdentifier>{728f3c44-afe4-4128-9edd-b61cb33ebe6b}</UniqueIdentifier>
    </Filter>
    <Filter Include="builder_demo\product">
      <UniqueIdentifier>{a44a660c-0ec2-471e-8937-175d23774b8c}</UniqueIdentifier>
    </Filter>
  </ItemGroup>
  <ItemGroup>
    <ClCompile Include="BuilderPrototypeDemo.cpp">
      <Filter>Source Files</Filter>
    </ClCompile>
    <ClCompile Include="Character.cpp">
      <Filter>builder_demo\product</Filter>
    </ClCompile>
    <ClCompile Include="WarriorBuilder.cpp">
      <Filter>builder_demo\builder</Filter>
    </ClCompile>
    <ClCompile Include="MageBuilder.cpp">
      <Filter>builder_demo\builder</Filter>
    </ClCompile>
    <ClCompile Include="CharacterDirector.cpp">
      <Filter>builder_demo\director</Filter>
    </ClCompile>
    <ClCompile Include="BuilderDemo.cpp">
      <Filter>builder_demo</Filter>
    </ClCompile>
    <ClCompile Include="Orc.cpp">
      <Filter>prototype_demo</Filter>
    </ClCompile>
    <ClCompile Include="PrototypeDemo.cpp">
      <Filter>prototype_demo</Filter>
    </ClCompile>
    <ClCompile Include="Troll.cpp">
      <Filter>prototype_demo</Filter>
    </ClCompile>
  </ItemGroup>
  <ItemGroup>
    <ClInclude Include="Character.h">
      <Filter>builder_demo\product</Filter>
    </ClInclude>
    <ClInclude Include="CharacterBuilder.h">
      <Filter>builder_demo\builder</Filter>
    </ClInclude>
    <ClInclude Include="WarriorBuilder.h">
      <Filter>builder_demo\builder</Filter>
    </ClInclude>
    <ClInclude Include="MageBuilder.h">
      <Filter>builder_demo\builder</Filter>
    </ClInclude>
    <ClInclude Include="CharacterDirector.h">
      <Filter>builder_demo\director</Filter>
    </ClInclude>
    <ClInclude Include="Enemy.h">
      <Filter>prototype_demo</Filter>
    </ClInclude>
    <ClInclude Include="Orc.h">
      <Filter>prototype_demo</Filter>
    </ClInclude>
    <ClInclude Include="PrototypeDemo.h">
      <Filter>prototype_demo</Filter>
    </ClInclude>
    <ClInclude Include="Troll.h">
      <Filter>prototype_demo</Filter>
    </ClInclude>
    <ClInclude Include="BuilderDemo.h">
      <Filter>builder_demo</Filter>
    </ClInclude>
  </ItemGroup>
  <ItemGroup>
    <None Include=".gitignore" />
  </ItemGroup>
</Project>